
Microsoft Visual Studio Solution File, Format Version 12.00
# Visual Studio Version 17
VisualStudioVersion = 17.14.36408.4
MinimumVisualStudioVersion = 10.0.40219.1
Project("{FAE04EC0-301F-11D3-BF4B-00C04F79EFBC}") = "alquilerCanchasFutbol", "alquilerCanchasFutbol\alquilerCanchasFutbol.csproj", "{A38D32D3-48E7-40A6-A5CF-A35FB5624832}"
EndProject
Project("{FAE04EC0-301F-11D3-BF4B-00C04F79EFBC}") = "alquilerCanchasBE", "alquilerCanchasBE\alquilerCanchasBE.csproj", "{CF2E590B-85FA-4DD0-9E9B-1271E7AFD5B1}"
EndProject
Project("{FAE04EC0-301F-11D3-BF4B-00C04F79EFBC}") = "alquilerCanchasDAL", "alquilerCanchasDAL\alquilerCanchasDAL.csproj", "{7ED4CAEB-FA5B-4E3C-8880-8D3FB5F78E78}"
EndProject
Project("{FAE04EC0-301F-11D3-BF4B-00C04F79EFBC}") = "alquilerCanchasBLL", "alquilerCanchasBLL\alquilerCanchasBLL.csproj", "{614911ED-2F88-49F2-9507-D4F43E739AED}"
EndProject
Project("{FAE04EC0-301F-11D3-BF4B-00C04F79EFBC}") = "Utils", "Utils\Utils.csproj", "{EA4CB3F3-5BF7-4501-A86B-70F79153ACE8}"
EndProject
Global
	GlobalSection(SolutionConfigurationPlatforms) = preSolution
		Debug|Any CPU = Debug|Any CPU
		Release|Any CPU = Release|Any CPU
	EndGlobalSection
	GlobalSection(ProjectConfigurationPlatforms) = postSolution
		{A38D32D3-48E7-40A6-A5CF-A35FB5624832}.Debug|Any CPU.ActiveCfg = Debug|Any CPU
		{A38D32D3-48E7-40A6-A5CF-A35FB5624832}.Debug|Any CPU.Build.0 = Debug|Any CPU
		{A38D32D3-48E7-40A6-A5CF-A35FB5624832}.Release|Any CPU.ActiveCfg = Release|Any CPU
		{A38D32D3-48E7-40A6-A5CF-A35FB5624832}.Release|Any CPU.Build.0 = Release|Any CPU
		{CF2E590B-85FA-4DD0-9E9B-1271E7AFD5B1}.Debug|Any CPU.ActiveCfg = Debug|Any CPU
		{CF2E590B-85FA-4DD0-9E9B-1271E7AFD5B1}.Debug|Any CPU.Build.0 = Debug|Any CPU
		{CF2E590B-85FA-4DD0-9E9B-1271E7AFD5B1}.Release|Any CPU.ActiveCfg = Release|Any CPU
		{CF2E590B-85FA-4DD0-9E9B-1271E7AFD5B1}.Release|Any CPU.Build.0 = Release|Any CPU
		{7ED4CAEB-FA5B-4E3C-8880-8D3FB5F78E78}.Debug|Any CPU.ActiveCfg = Debug|Any CPU
		{7ED4CAEB-FA5B-4E3C-8880-8D3FB5F78E78}.Debug|Any CPU.Build.0 = Debug|Any CPU
		{7ED4CAEB-FA5B-4E3C-8880-8D3FB5F78E78}.Release|Any CPU.ActiveCfg = Release|Any CPU
		{7ED4CAEB-FA5B-4E3C-8880-8D3FB5F78E78}.Release|Any CPU.Build.0 = Release|Any CPU
		{614911ED-2F88-49F2-9507-D4F43E739AED}.Debug|Any CPU.ActiveCfg = Debug|Any CPU
		{614911ED-2F88-49F2-9507-D4F43E739AED}.Debug|Any CPU.Build.0 = Debug|Any CPU
		{614911ED-2F88-49F2-9507-D4F43E739AED}.Release|Any CPU.ActiveCfg = Release|Any CPU
		{614911ED-2F88-49F2-9507-D4F43E739AED}.Release|Any CPU.Build.0 = Release|Any CPU
		{EA4CB3F3-5BF7-4501-A86B-70F79153ACE8}.Debug|Any CPU.ActiveCfg = Debug|Any CPU
		{EA4CB3F3-5BF7-4501-A86B-70F79153ACE8}.Debug|Any CPU.Build.0 = Debug|Any CPU
		{EA4CB3F3-5BF7-4501-A86B-70F79153ACE8}.Release|Any CPU.ActiveCfg = Release|Any CPU
		{EA4CB3F3-5BF7-4501-A86B-70F79153ACE8}.Release|Any CPU.Build.0 = Release|Any CPU
	EndGlobalSection
	GlobalSection(SolutionProperties) = preSolution
		HideSolutionNode = FALSE
	EndGlobalSection
	GlobalSection(ExtensibilityGlobals) = postSolution
		SolutionGuid = {56392820-A317-48ED-915C-096E0E1C4285}
	EndGlobalSection
EndGlobal
